// !$*UTF8*$!
{
	archiveVersion = 1;
	classes = {
	};
	objectVersion = 77;
	objects = {

/* Begin PBXBuildFile section */
		B90DF1142CE1D7F700E2B587 /* AnimateText in Frameworks */ = {isa = PBXBuildFile; productRef = B90DF1132CE1D7F700E2B587 /* AnimateText */; };
		B91576232CDADEE0005F712C /* Aespa in Frameworks */ = {isa = PBXBuildFile; productRef = B91576222CDADEE0005F712C /* Aespa */; };
		B91576AB2CDF00FE005F712C /* SmashWatchOS Watch App.app in Embed Watch Content */ = {isa = PBXBuildFile; fileRef = B91576882CDF00FB005F712C /* SmashWatchOS Watch App.app */; settings = {ATTRIBUTES = (RemoveHeadersOnCopy, ); }; };
		B92769672D1262F300AD462B /* AWSCore in Frameworks */ = {isa = PBXBuildFile; productRef = B92769662D1262F300AD462B /* AWSCore */; };
		B92769692D1262F300AD462B /* AWSS3 in Frameworks */ = {isa = PBXBuildFile; productRef = B92769682D1262F300AD462B /* AWSS3 */; };
		B9A2C7812CD4333D004378EF /* AnimateText in Frameworks */ = {isa = PBXBuildFile; productRef = B9A2C7802CD4333D004378EF /* AnimateText */; };
		B9CB31CF2D186A9C00CBAB4E /* .gitignore in Resources */ = {isa = PBXBuildFile; fileRef = B9CB31CE2D186A9000CBAB4E /* .gitignore */; };
/* End PBXBuildFile section */

/* Begin PBXContainerItemProxy section */
		B91576982CDF00FE005F712C /* PBXContainerItemProxy */ = {
			isa = PBXContainerItemProxy;
			containerPortal = B9BD408B2CD15C64000C0885 /* Project object */;
			proxyType = 1;
			remoteGlobalIDString = B91576872CDF00FB005F712C;
			remoteInfo = "SmashWatchOS Watch App";
		};
		B91576A22CDF00FE005F712C /* PBXContainerItemProxy */ = {
			isa = PBXContainerItemProxy;
			containerPortal = B9BD408B2CD15C64000C0885 /* Project object */;
			proxyType = 1;
			remoteGlobalIDString = B91576872CDF00FB005F712C;
			remoteInfo = "SmashWatchOS Watch App";
		};
		B91576A92CDF00FE005F712C /* PBXContainerItemProxy */ = {
			isa = PBXContainerItemProxy;
			containerPortal = B9BD408B2CD15C64000C0885 /* Project object */;
			proxyType = 1;
			remoteGlobalIDString = B91576872CDF00FB005F712C;
			remoteInfo = "SmashWatchOS Watch App";
		};
		B9BD40A42CD15C66000C0885 /* PBXContainerItemProxy */ = {
			isa = PBXContainerItemProxy;
			containerPortal = B9BD408B2CD15C64000C0885 /* Project object */;
			proxyType = 1;
			remoteGlobalIDString = B9BD40922CD15C64000C0885;
			remoteInfo = Smash;
		};
		B9BD40AE2CD15C66000C0885 /* PBXContainerItemProxy */ = {
			isa = PBXContainerItemProxy;
			containerPortal = B9BD408B2CD15C64000C0885 /* Project object */;
			proxyType = 1;
			remoteGlobalIDString = B9BD40922CD15C64000C0885;
			remoteInfo = Smash;
		};
/* End PBXContainerItemProxy section */

/* Begin PBXCopyFilesBuildPhase section */
		B91576AF2CDF00FE005F712C /* Embed Watch Content */ = {
			isa = PBXCopyFilesBuildPhase;
			buildActionMask = 2147483647;
			dstPath = "$(CONTENTS_FOLDER_PATH)/Watch";
			dstSubfolderSpec = 16;
			files = (
				B91576AB2CDF00FE005F712C /* SmashWatchOS Watch App.app in Embed Watch Content */,
			);
			name = "Embed Watch Content";
			runOnlyForDeploymentPostprocessing = 0;
		};
		B98D947F2CD692A800E438B1 /* Embed Foundation Extensions */ = {
			isa = PBXCopyFilesBuildPhase;
			buildActionMask = 2147483647;
			dstPath = "";
			dstSubfolderSpec = 13;
			files = (
			);
			name = "Embed Foundation Extensions";
			runOnlyForDeploymentPostprocessing = 0;
		};
/* End PBXCopyFilesBuildPhase section */

/* Begin PBXFileReference section */
		B91576882CDF00FB005F712C /* SmashWatchOS Watch App.app */ = {isa = PBXFileReference; explicitFileType = wrapper.application; includeInIndex = 0; path = "SmashWatchOS Watch App.app"; sourceTree = BUILT_PRODUCTS_DIR; };
		B91576972CDF00FE005F712C /* SmashWatchOS Watch AppTests.xctest */ = {isa = PBXFileReference; explicitFileType = wrapper.cfbundle; includeInIndex = 0; path = "SmashWatchOS Watch AppTests.xctest"; sourceTree = BUILT_PRODUCTS_DIR; };
		B91576A12CDF00FE005F712C /* SmashWatchOS Watch AppUITests.xctest */ = {isa = PBXFileReference; explicitFileType = wrapper.cfbundle; includeInIndex = 0; path = "SmashWatchOS Watch AppUITests.xctest"; sourceTree = BUILT_PRODUCTS_DIR; };
		B98D946F2CD692A800E438B1 /* AuthenticationServices.framework */ = {isa = PBXFileReference; lastKnownFileType = wrapper.framework; name = AuthenticationServices.framework; path = System/Library/Frameworks/AuthenticationServices.framework; sourceTree = SDKROOT; };
		B9BD40932CD15C64000C0885 /* Smash.app */ = {isa = PBXFileReference; explicitFileType = wrapper.application; includeInIndex = 0; path = Smash.app; sourceTree = BUILT_PRODUCTS_DIR; };
		B9BD40A32CD15C66000C0885 /* SmashTests.xctest */ = {isa = PBXFileReference; explicitFileType = wrapper.cfbundle; includeInIndex = 0; path = SmashTests.xctest; sourceTree = BUILT_PRODUCTS_DIR; };
		B9BD40AD2CD15C66000C0885 /* SmashUITests.xctest */ = {isa = PBXFileReference; explicitFileType = wrapper.cfbundle; includeInIndex = 0; path = SmashUITests.xctest; sourceTree = BUILT_PRODUCTS_DIR; };
		B9CB31CE2D186A9000CBAB4E /* .gitignore */ = {isa = PBXFileReference; lastKnownFileType = text; path = .gitignore; sourceTree = "<group>"; };
/* End PBXFileReference section */

/* Begin PBXFileSystemSynchronizedBuildFileExceptionSet section */
		B90DF1152CE1D98700E2B587 /* Exceptions for "Smash" folder in "Smash" target */ = {
			isa = PBXFileSystemSynchronizedBuildFileExceptionSet;
			membershipExceptions = (
				Info.plist,
			);
			target = B9BD40922CD15C64000C0885 /* Smash */;
		};
/* End PBXFileSystemSynchronizedBuildFileExceptionSet section */

/* Begin PBXFileSystemSynchronizedRootGroup section */
		B91576892CDF00FC005F712C /* SmashWatchOS Watch App */ = {
			isa = PBXFileSystemSynchronizedRootGroup;
			path = "SmashWatchOS Watch App";
			sourceTree = "<group>";
		};
		B915769A2CDF00FE005F712C /* SmashWatchOS Watch AppTests */ = {
			isa = PBXFileSystemSynchronizedRootGroup;
			path = "SmashWatchOS Watch AppTests";
			sourceTree = "<group>";
		};
		B91576A42CDF00FE005F712C /* SmashWatchOS Watch AppUITests */ = {
			isa = PBXFileSystemSynchronizedRootGroup;
			path = "SmashWatchOS Watch AppUITests";
			sourceTree = "<group>";
		};
		B9BD40952CD15C64000C0885 /* Smash */ = {
			isa = PBXFileSystemSynchronizedRootGroup;
			exceptions = (
				B90DF1152CE1D98700E2B587 /* Exceptions for "Smash" folder in "Smash" target */,
			);
			path = Smash;
			sourceTree = "<group>";
		};
		B9BD40A62CD15C66000C0885 /* SmashTests */ = {
			isa = PBXFileSystemSynchronizedRootGroup;
			path = SmashTests;
			sourceTree = "<group>";
		};
		B9BD40B02CD15C66000C0885 /* SmashUITests */ = {
			isa = PBXFileSystemSynchronizedRootGroup;
			path = SmashUITests;
			sourceTree = "<group>";
		};
/* End PBXFileSystemSynchronizedRootGroup section */

/* Begin PBXFrameworksBuildPhase section */
		B91576852CDF00FB005F712C /* Frameworks */ = {
			isa = PBXFrameworksBuildPhase;
			buildActionMask = 2147483647;
			files = (
				B90DF1142CE1D7F700E2B587 /* AnimateText in Frameworks */,
			);
			runOnlyForDeploymentPostprocessing = 0;
		};
		B91576942CDF00FE005F712C /* Frameworks */ = {
			isa = PBXFrameworksBuildPhase;
			buildActionMask = 2147483647;
			files = (
			);
			runOnlyForDeploymentPostprocessing = 0;
		};
		B915769E2CDF00FE005F712C /* Frameworks */ = {
			isa = PBXFrameworksBuildPhase;
			buildActionMask = 2147483647;
			files = (
			);
			runOnlyForDeploymentPostprocessing = 0;
		};
		B9BD40902CD15C64000C0885 /* Frameworks */ = {
			isa = PBXFrameworksBuildPhase;
			buildActionMask = 2147483647;
			files = (
				B92769672D1262F300AD462B /* AWSCore in Frameworks */,
				B9A2C7812CD4333D004378EF /* AnimateText in Frameworks */,
				B92769692D1262F300AD462B /* AWSS3 in Frameworks */,
				B91576232CDADEE0005F712C /* Aespa in Frameworks */,
			);
			runOnlyForDeploymentPostprocessing = 0;
		};
		B9BD40A02CD15C66000C0885 /* Frameworks */ = {
			isa = PBXFrameworksBuildPhase;
			buildActionMask = 2147483647;
			files = (
			);
			runOnlyForDeploymentPostprocessing = 0;
		};
		B9BD40AA2CD15C66000C0885 /* Frameworks */ = {
			isa = PBXFrameworksBuildPhase;
			buildActionMask = 2147483647;
			files = (
			);
			runOnlyForDeploymentPostprocessing = 0;
		};
/* End PBXFrameworksBuildPhase section */

/* Begin PBXGroup section */
		B9A2C77F2CD4333D004378EF /* Frameworks */ = {
			isa = PBXGroup;
			children = (
				B98D946F2CD692A800E438B1 /* AuthenticationServices.framework */,
			);
			name = Frameworks;
			sourceTree = "<group>";
		};
		B9BD408A2CD15C64000C0885 = {
			isa = PBXGroup;
			children = (
				B9CB31CE2D186A9000CBAB4E /* .gitignore */,
				B9BD40952CD15C64000C0885 /* Smash */,
				B9BD40A62CD15C66000C0885 /* SmashTests */,
				B9BD40B02CD15C66000C0885 /* SmashUITests */,
				B91576892CDF00FC005F712C /* SmashWatchOS Watch App */,
				B915769A2CDF00FE005F712C /* SmashWatchOS Watch AppTests */,
				B91576A42CDF00FE005F712C /* SmashWatchOS Watch AppUITests */,
				B9A2C77F2CD4333D004378EF /* Frameworks */,
				B9BD40942CD15C64000C0885 /* Products */,
			);
			sourceTree = "<group>";
		};
		B9BD40942CD15C64000C0885 /* Products */ = {
			isa = PBXGroup;
			children = (
				B9BD40932CD15C64000C0885 /* Smash.app */,
				B9BD40A32CD15C66000C0885 /* SmashTests.xctest */,
				B9BD40AD2CD15C66000C0885 /* SmashUITests.xctest */,
				B91576882CDF00FB005F712C /* SmashWatchOS Watch App.app */,
				B91576972CDF00FE005F712C /* SmashWatchOS Watch AppTests.xctest */,
				B91576A12CDF00FE005F712C /* SmashWatchOS Watch AppUITests.xctest */,
			);
			name = Products;
			sourceTree = "<group>";
		};
/* End PBXGroup section */

/* Begin PBXNativeTarget section */
		B91576872CDF00FB005F712C /* SmashWatchOS Watch App */ = {
			isa = PBXNativeTarget;
			buildConfigurationList = B91576AC2CDF00FE005F712C /* Build configuration list for PBXNativeTarget "SmashWatchOS Watch App" */;
			buildPhases = (
				B91576842CDF00FB005F712C /* Sources */,
				B91576852CDF00FB005F712C /* Frameworks */,
				B91576862CDF00FB005F712C /* Resources */,
			);
			buildRules = (
			);
			dependencies = (
			);
			fileSystemSynchronizedGroups = (
				B91576892CDF00FC005F712C /* SmashWatchOS Watch App */,
			);
			name = "SmashWatchOS Watch App";
			packageProductDependencies = (
				B90DF1132CE1D7F700E2B587 /* AnimateText */,
			);
			productName = "SmashWatchOS Watch App";
			productReference = B91576882CDF00FB005F712C /* SmashWatchOS Watch App.app */;
			productType = "com.apple.product-type.application";
		};
		B91576962CDF00FE005F712C /* SmashWatchOS Watch AppTests */ = {
			isa = PBXNativeTarget;
			buildConfigurationList = B91576B02CDF00FE005F712C /* Build configuration list for PBXNativeTarget "SmashWatchOS Watch AppTests" */;
			buildPhases = (
				B91576932CDF00FE005F712C /* Sources */,
				B91576942CDF00FE005F712C /* Frameworks */,
				B91576952CDF00FE005F712C /* Resources */,
			);
			buildRules = (
			);
			dependencies = (
				B91576992CDF00FE005F712C /* PBXTargetDependency */,
			);
			fileSystemSynchronizedGroups = (
				B915769A2CDF00FE005F712C /* SmashWatchOS Watch AppTests */,
			);
			name = "SmashWatchOS Watch AppTests";
			packageProductDependencies = (
			);
			productName = "SmashWatchOS Watch AppTests";
			productReference = B91576972CDF00FE005F712C /* SmashWatchOS Watch AppTests.xctest */;
			productType = "com.apple.product-type.bundle.unit-test";
		};
		B91576A02CDF00FE005F712C /* SmashWatchOS Watch AppUITests */ = {
			isa = PBXNativeTarget;
			buildConfigurationList = B91576B32CDF00FE005F712C /* Build configuration list for PBXNativeTarget "SmashWatchOS Watch AppUITests" */;
			buildPhases = (
				B915769D2CDF00FE005F712C /* Sources */,
				B915769E2CDF00FE005F712C /* Frameworks */,
				B915769F2CDF00FE005F712C /* Resources */,
			);
			buildRules = (
			);
			dependencies = (
				B91576A32CDF00FE005F712C /* PBXTargetDependency */,
			);
			fileSystemSynchronizedGroups = (
				B91576A42CDF00FE005F712C /* SmashWatchOS Watch AppUITests */,
			);
			name = "SmashWatchOS Watch AppUITests";
			packageProductDependencies = (
			);
			productName = "SmashWatchOS Watch AppUITests";
			productReference = B91576A12CDF00FE005F712C /* SmashWatchOS Watch AppUITests.xctest */;
			productType = "com.apple.product-type.bundle.ui-testing";
		};
		B9BD40922CD15C64000C0885 /* Smash */ = {
			isa = PBXNativeTarget;
			buildConfigurationList = B9BD40B72CD15C66000C0885 /* Build configuration list for PBXNativeTarget "Smash" */;
			buildPhases = (
				B9BD408F2CD15C64000C0885 /* Sources */,
				B9BD40902CD15C64000C0885 /* Frameworks */,
				B9BD40912CD15C64000C0885 /* Resources */,
				B98D947F2CD692A800E438B1 /* Embed Foundation Extensions */,
				B91576AF2CDF00FE005F712C /* Embed Watch Content */,
			);
			buildRules = (
			);
			dependencies = (
				B91576AA2CDF00FE005F712C /* PBXTargetDependency */,
			);
			fileSystemSynchronizedGroups = (
				B9BD40952CD15C64000C0885 /* Smash */,
			);
			name = Smash;
			packageProductDependencies = (
				B9A2C7802CD4333D004378EF /* AnimateText */,
				B91576222CDADEE0005F712C /* Aespa */,
				B92769662D1262F300AD462B /* AWSCore */,
				B92769682D1262F300AD462B /* AWSS3 */,
			);
			productName = Smash;
			productReference = B9BD40932CD15C64000C0885 /* Smash.app */;
			productType = "com.apple.product-type.application";
		};
		B9BD40A22CD15C66000C0885 /* SmashTests */ = {
			isa = PBXNativeTarget;
			buildConfigurationList = B9BD40BA2CD15C66000C0885 /* Build configuration list for PBXNativeTarget "SmashTests" */;
			buildPhases = (
				B9BD409F2CD15C66000C0885 /* Sources */,
				B9BD40A02CD15C66000C0885 /* Frameworks */,
				B9BD40A12CD15C66000C0885 /* Resources */,
			);
			buildRules = (
			);
			dependencies = (
				B9BD40A52CD15C66000C0885 /* PBXTargetDependency */,
			);
			fileSystemSynchronizedGroups = (
				B9BD40A62CD15C66000C0885 /* SmashTests */,
			);
			name = SmashTests;
			packageProductDependencies = (
			);
			productName = SmashTests;
			productReference = B9BD40A32CD15C66000C0885 /* SmashTests.xctest */;
			productType = "com.apple.product-type.bundle.unit-test";
		};
		B9BD40AC2CD15C66000C0885 /* SmashUITests */ = {
			isa = PBXNativeTarget;
			buildConfigurationList = B9BD40BD2CD15C66000C0885 /* Build configuration list for PBXNativeTarget "SmashUITests" */;
			buildPhases = (
				B9BD40A92CD15C66000C0885 /* Sources */,
				B9BD40AA2CD15C66000C0885 /* Frameworks */,
				B9BD40AB2CD15C66000C0885 /* Resources */,
			);
			buildRules = (
			);
			dependencies = (
				B9BD40AF2CD15C66000C0885 /* PBXTargetDependency */,
			);
			fileSystemSynchronizedGroups = (
				B9BD40B02CD15C66000C0885 /* SmashUITests */,
			);
			name = SmashUITests;
			packageProductDependencies = (
			);
			productName = SmashUITests;
			productReference = B9BD40AD2CD15C66000C0885 /* SmashUITests.xctest */;
			productType = "com.apple.product-type.bundle.ui-testing";
		};
/* End PBXNativeTarget section */

/* Begin PBXProject section */
		B9BD408B2CD15C64000C0885 /* Project object */ = {
			isa = PBXProject;
			attributes = {
				BuildIndependentTargetsInParallel = 1;
				LastSwiftUpdateCheck = 1610;
				LastUpgradeCheck = 1610;
				TargetAttributes = {
					B91576872CDF00FB005F712C = {
						CreatedOnToolsVersion = 16.1;
					};
					B91576962CDF00FE005F712C = {
						CreatedOnToolsVersion = 16.1;
						TestTargetID = B91576872CDF00FB005F712C;
					};
					B91576A02CDF00FE005F712C = {
						CreatedOnToolsVersion = 16.1;
						TestTargetID = B91576872CDF00FB005F712C;
					};
					B9BD40922CD15C64000C0885 = {
						CreatedOnToolsVersion = 16.1;
					};
					B9BD40A22CD15C66000C0885 = {
						CreatedOnToolsVersion = 16.1;
						TestTargetID = B9BD40922CD15C64000C0885;
					};
					B9BD40AC2CD15C66000C0885 = {
						CreatedOnToolsVersion = 16.1;
						TestTargetID = B9BD40922CD15C64000C0885;
					};
				};
			};
			buildConfigurationList = B9BD408E2CD15C64000C0885 /* Build configuration list for PBXProject "Smash" */;
			developmentRegion = en;
			hasScannedForEncodings = 0;
			knownRegions = (
				en,
				Base,
			);
			mainGroup = B9BD408A2CD15C64000C0885;
			minimizedProjectReferenceProxies = 1;
			packageReferences = (
				B9A2C7692CD42F07004378EF /* XCRemoteSwiftPackageReference "AnimateText" */,
				B91576212CDADE56005F712C /* XCRemoteSwiftPackageReference "Aespa" */,
				B92769652D1262F300AD462B /* XCRemoteSwiftPackageReference "aws-sdk-ios-spm" */,
			);
			preferredProjectObjectVersion = 77;
			productRefGroup = B9BD40942CD15C64000C0885 /* Products */;
			projectDirPath = "";
			projectRoot = "";
			targets = (
				B9BD40922CD15C64000C0885 /* Smash */,
				B9BD40A22CD15C66000C0885 /* SmashTests */,
				B9BD40AC2CD15C66000C0885 /* SmashUITests */,
				B91576872CDF00FB005F712C /* SmashWatchOS Watch App */,
				B91576962CDF00FE005F712C /* SmashWatchOS Watch AppTests */,
				B91576A02CDF00FE005F712C /* SmashWatchOS Watch AppUITests */,
			);
		};
/* End PBXProject section */

/* Begin PBXResourcesBuildPhase section */
		B91576862CDF00FB005F712C /* Resources */ = {
			isa = PBXResourcesBuildPhase;
			buildActionMask = 2147483647;
			files = (
			);
			runOnlyForDeploymentPostprocessing = 0;
		};
		B91576952CDF00FE005F712C /* Resources */ = {
			isa = PBXResourcesBuildPhase;
			buildActionMask = 2147483647;
			files = (
			);
			runOnlyForDeploymentPostprocessing = 0;
		};
		B915769F2CDF00FE005F712C /* Resources */ = {
			isa = PBXResourcesBuildPhase;
			buildActionMask = 2147483647;
			files = (
			);
			runOnlyForDeploymentPostprocessing = 0;
		};
		B9BD40912CD15C64000C0885 /* Resources */ = {
			isa = PBXResourcesBuildPhase;
			buildActionMask = 2147483647;
			files = (
				B9CB31CF2D186A9C00CBAB4E /* .gitignore in Resources */,
			);
			runOnlyForDeploymentPostprocessing = 0;
		};
		B9BD40A12CD15C66000C0885 /* Resources */ = {
			isa = PBXResourcesBuildPhase;
			buildActionMask = 2147483647;
			files = (
			);
			runOnlyForDeploymentPostprocessing = 0;
		};
		B9BD40AB2CD15C66000C0885 /* Resources */ = {
			isa = PBXResourcesBuildPhase;
			buildActionMask = 2147483647;
			files = (
			);
			runOnlyForDeploymentPostprocessing = 0;
		};
/* End PBXResourcesBuildPhase section */

/* Begin PBXSourcesBuildPhase section */
		B91576842CDF00FB005F712C /* Sources */ = {
			isa = PBXSourcesBuildPhase;
			buildActionMask = 2147483647;
			files = (
			);
			runOnlyForDeploymentPostprocessing = 0;
		};
		B91576932CDF00FE005F712C /* Sources */ = {
			isa = PBXSourcesBuildPhase;
			buildActionMask = 2147483647;
			files = (
			);
			runOnlyForDeploymentPostprocessing = 0;
		};
		B915769D2CDF00FE005F712C /* Sources */ = {
			isa = PBXSourcesBuildPhase;
			buildActionMask = 2147483647;
			files = (
			);
			runOnlyForDeploymentPostprocessing = 0;
		};
		B9BD408F2CD15C64000C0885 /* Sources */ = {
			isa = PBXSourcesBuildPhase;
			buildActionMask = 2147483647;
			files = (
			);
			runOnlyForDeploymentPostprocessing = 0;
		};
		B9BD409F2CD15C66000C0885 /* Sources */ = {
			isa = PBXSourcesBuildPhase;
			buildActionMask = 2147483647;
			files = (
			);
			runOnlyForDeploymentPostprocessing = 0;
		};
		B9BD40A92CD15C66000C0885 /* Sources */ = {
			isa = PBXSourcesBuildPhase;
			buildActionMask = 2147483647;
			files = (
			);
			runOnlyForDeploymentPostprocessing = 0;
		};
/* End PBXSourcesBuildPhase section */

/* Begin PBXTargetDependency section */
		B91576992CDF00FE005F712C /* PBXTargetDependency */ = {
			isa = PBXTargetDependency;
			target = B91576872CDF00FB005F712C /* SmashWatchOS Watch App */;
			targetProxy = B91576982CDF00FE005F712C /* PBXContainerItemProxy */;
		};
		B91576A32CDF00FE005F712C /* PBXTargetDependency */ = {
			isa = PBXTargetDependency;
			target = B91576872CDF00FB005F712C /* SmashWatchOS Watch App */;
			targetProxy = B91576A22CDF00FE005F712C /* PBXContainerItemProxy */;
		};
		B91576AA2CDF00FE005F712C /* PBXTargetDependency */ = {
			isa = PBXTargetDependency;
			target = B91576872CDF00FB005F712C /* SmashWatchOS Watch App */;
			targetProxy = B91576A92CDF00FE005F712C /* PBXContainerItemProxy */;
		};
		B9BD40A52CD15C66000C0885 /* PBXTargetDependency */ = {
			isa = PBXTargetDependency;
			target = B9BD40922CD15C64000C0885 /* Smash */;
			targetProxy = B9BD40A42CD15C66000C0885 /* PBXContainerItemProxy */;
		};
		B9BD40AF2CD15C66000C0885 /* PBXTargetDependency */ = {
			isa = PBXTargetDependency;
			target = B9BD40922CD15C64000C0885 /* Smash */;
			targetProxy = B9BD40AE2CD15C66000C0885 /* PBXContainerItemProxy */;
		};
/* End PBXTargetDependency section */

/* Begin XCBuildConfiguration section */
		B91576AD2CDF00FE005F712C /* Debug */ = {
			isa = XCBuildConfiguration;
			buildSettings = {
				ASSETCATALOG_COMPILER_APPICON_NAME = AppIcon;
				ASSETCATALOG_COMPILER_GLOBAL_ACCENT_COLOR_NAME = AccentColor;
				CODE_SIGN_STYLE = Automatic;
				CURRENT_PROJECT_VERSION = 1;
				DEVELOPMENT_ASSET_PATHS = "\"SmashWatchOS Watch App/Preview Content\"";
				DEVELOPMENT_TEAM = 379ZMR9CCF;
				ENABLE_PREVIEWS = YES;
				GENERATE_INFOPLIST_FILE = YES;
				INFOPLIST_KEY_CFBundleDisplayName = SmashWatchOS;
				INFOPLIST_KEY_UISupportedInterfaceOrientations = "UIInterfaceOrientationPortrait UIInterfaceOrientationPortraitUpsideDown";
				INFOPLIST_KEY_WKCompanionAppBundleIdentifier = abdullah.Smash;
				LD_RUNPATH_SEARCH_PATHS = (
					"$(inherited)",
					"@executable_path/Frameworks",
				);
				MARKETING_VERSION = 1.0;
				PRODUCT_BUNDLE_IDENTIFIER = abdullah.Smash.watchkitapp;
				PRODUCT_NAME = "$(TARGET_NAME)";
				SDKROOT = watchos;
				SKIP_INSTALL = YES;
				SWIFT_EMIT_LOC_STRINGS = YES;
				SWIFT_VERSION = 5.0;
				TARGETED_DEVICE_FAMILY = 4;
				WATCHOS_DEPLOYMENT_TARGET = 11.1;
			};
			name = Debug;
		};
		B91576AE2CDF00FE005F712C /* Release */ = {
			isa = XCBuildConfiguration;
			buildSettings = {
				ASSETCATALOG_COMPILER_APPICON_NAME = AppIcon;
				ASSETCATALOG_COMPILER_GLOBAL_ACCENT_COLOR_NAME = AccentColor;
				CODE_SIGN_STYLE = Automatic;
				CURRENT_PROJECT_VERSION = 1;
				DEVELOPMENT_ASSET_PATHS = "\"SmashWatchOS Watch App/Preview Content\"";
				DEVELOPMENT_TEAM = 379ZMR9CCF;
				ENABLE_PREVIEWS = YES;
				GENERATE_INFOPLIST_FILE = YES;
				INFOPLIST_KEY_CFBundleDisplayName = SmashWatchOS;
				INFOPLIST_KEY_UISupportedInterfaceOrientations = "UIInterfaceOrientationPortrait UIInterfaceOrientationPortraitUpsideDown";
				INFOPLIST_KEY_WKCompanionAppBundleIdentifier = abdullah.Smash;
				LD_RUNPATH_SEARCH_PATHS = (
					"$(inherited)",
					"@executable_path/Frameworks",
				);
				MARKETING_VERSION = 1.0;
				PRODUCT_BUNDLE_IDENTIFIER = abdullah.Smash.watchkitapp;
				PRODUCT_NAME = "$(TARGET_NAME)";
				SDKROOT = watchos;
				SKIP_INSTALL = YES;
				SWIFT_EMIT_LOC_STRINGS = YES;
				SWIFT_VERSION = 5.0;
				TARGETED_DEVICE_FAMILY = 4;
				WATCHOS_DEPLOYMENT_TARGET = 11.1;
			};
			name = Release;
		};
		B91576B12CDF00FE005F712C /* Debug */ = {
			isa = XCBuildConfiguration;
			buildSettings = {
				BUNDLE_LOADER = "$(TEST_HOST)";
				CODE_SIGN_STYLE = Automatic;
				CURRENT_PROJECT_VERSION = 1;
				DEVELOPMENT_TEAM = 379ZMR9CCF;
				GENERATE_INFOPLIST_FILE = YES;
				MARKETING_VERSION = 1.0;
				PRODUCT_BUNDLE_IDENTIFIER = "abdullah.SmashWatchOS-Watch-AppTests";
				PRODUCT_NAME = "$(TARGET_NAME)";
				SDKROOT = watchos;
				SWIFT_EMIT_LOC_STRINGS = NO;
				SWIFT_VERSION = 5.0;
				TARGETED_DEVICE_FAMILY = 4;
				TEST_HOST = "$(BUILT_PRODUCTS_DIR)/SmashWatchOS Watch App.app/$(BUNDLE_EXECUTABLE_FOLDER_PATH)/SmashWatchOS Watch App";
				WATCHOS_DEPLOYMENT_TARGET = 11.1;
			};
			name = Debug;
		};
		B91576B22CDF00FE005F712C /* Release */ = {
			isa = XCBuildConfiguration;
			buildSettings = {
				BUNDLE_LOADER = "$(TEST_HOST)";
				CODE_SIGN_STYLE = Automatic;
				CURRENT_PROJECT_VERSION = 1;
				DEVELOPMENT_TEAM = 379ZMR9CCF;
				GENERATE_INFOPLIST_FILE = YES;
				MARKETING_VERSION = 1.0;
				PRODUCT_BUNDLE_IDENTIFIER = "abdullah.SmashWatchOS-Watch-AppTests";
				PRODUCT_NAME = "$(TARGET_NAME)";
				SDKROOT = watchos;
				SWIFT_EMIT_LOC_STRINGS = NO;
				SWIFT_VERSION = 5.0;
				TARGETED_DEVICE_FAMILY = 4;
				TEST_HOST = "$(BUILT_PRODUCTS_DIR)/SmashWatchOS Watch App.app/$(BUNDLE_EXECUTABLE_FOLDER_PATH)/SmashWatchOS Watch App";
				WATCHOS_DEPLOYMENT_TARGET = 11.1;
			};
			name = Release;
		};
		B91576B42CDF00FE005F712C /* Debug */ = {
			isa = XCBuildConfiguration;
			buildSettings = {
				CODE_SIGN_STYLE = Automatic;
				CURRENT_PROJECT_VERSION = 1;
				DEVELOPMENT_TEAM = 379ZMR9CCF;
				GENERATE_INFOPLIST_FILE = YES;
				MARKETING_VERSION = 1.0;
				PRODUCT_BUNDLE_IDENTIFIER = "abdullah.SmashWatchOS-Watch-AppUITests";
				PRODUCT_NAME = "$(TARGET_NAME)";
				SDKROOT = watchos;
				SWIFT_EMIT_LOC_STRINGS = NO;
				SWIFT_VERSION = 5.0;
				TARGETED_DEVICE_FAMILY = 4;
				TEST_TARGET_NAME = "SmashWatchOS Watch App";
				WATCHOS_DEPLOYMENT_TARGET = 11.1;
			};
			name = Debug;
		};
		B91576B52CDF00FE005F712C /* Release */ = {
			isa = XCBuildConfiguration;
			buildSettings = {
				CODE_SIGN_STYLE = Automatic;
				CURRENT_PROJECT_VERSION = 1;
				DEVELOPMENT_TEAM = 379ZMR9CCF;
				GENERATE_INFOPLIST_FILE = YES;
				MARKETING_VERSION = 1.0;
				PRODUCT_BUNDLE_IDENTIFIER = "abdullah.SmashWatchOS-Watch-AppUITests";
				PRODUCT_NAME = "$(TARGET_NAME)";
				SDKROOT = watchos;
				SWIFT_EMIT_LOC_STRINGS = NO;
				SWIFT_VERSION = 5.0;
				TARGETED_DEVICE_FAMILY = 4;
				TEST_TARGET_NAME = "SmashWatchOS Watch App";
				WATCHOS_DEPLOYMENT_TARGET = 11.1;
			};
			name = Release;
		};
		B9BD40B52CD15C66000C0885 /* Debug */ = {
			isa = XCBuildConfiguration;
			buildSettings = {
				ALWAYS_SEARCH_USER_PATHS = NO;
				ASSETCATALOG_COMPILER_GENERATE_SWIFT_ASSET_SYMBOL_EXTENSIONS = YES;
				CLANG_ANALYZER_NONNULL = YES;
				CLANG_ANALYZER_NUMBER_OBJECT_CONVERSION = YES_AGGRESSIVE;
				CLANG_CXX_LANGUAGE_STANDARD = "gnu++20";
				CLANG_ENABLE_MODULES = YES;
				CLANG_ENABLE_OBJC_ARC = YES;
				CLANG_ENABLE_OBJC_WEAK = YES;
				CLANG_WARN_BLOCK_CAPTURE_AUTORELEASING = YES;
				CLANG_WARN_BOOL_CONVERSION = YES;
				CLANG_WARN_COMMA = YES;
				CLANG_WARN_CONSTANT_CONVERSION = YES;
				CLANG_WARN_DEPRECATED_OBJC_IMPLEMENTATIONS = YES;
				CLANG_WARN_DIRECT_OBJC_ISA_USAGE = YES_ERROR;
				CLANG_WARN_DOCUMENTATION_COMMENTS = YES;
				CLANG_WARN_EMPTY_BODY = YES;
				CLANG_WARN_ENUM_CONVERSION = YES;
				CLANG_WARN_INFINITE_RECURSION = YES;
				CLANG_WARN_INT_CONVERSION = YES;
				CLANG_WARN_NON_LITERAL_NULL_CONVERSION = YES;
				CLANG_WARN_OBJC_IMPLICIT_RETAIN_SELF = YES;
				CLANG_WARN_OBJC_LITERAL_CONVERSION = YES;
				CLANG_WARN_OBJC_ROOT_CLASS = YES_ERROR;
				CLANG_WARN_QUOTED_INCLUDE_IN_FRAMEWORK_HEADER = YES;
				CLANG_WARN_RANGE_LOOP_ANALYSIS = YES;
				CLANG_WARN_STRICT_PROTOTYPES = YES;
				CLANG_WARN_SUSPICIOUS_MOVE = YES;
				CLANG_WARN_UNGUARDED_AVAILABILITY = YES_AGGRESSIVE;
				CLANG_WARN_UNREACHABLE_CODE = YES;
				CLANG_WARN__DUPLICATE_METHOD_MATCH = YES;
				COPY_PHASE_STRIP = NO;
				DEBUG_INFORMATION_FORMAT = dwarf;
				ENABLE_STRICT_OBJC_MSGSEND = YES;
				ENABLE_TESTABILITY = YES;
				ENABLE_USER_SCRIPT_SANDBOXING = YES;
				GCC_C_LANGUAGE_STANDARD = gnu17;
				GCC_DYNAMIC_NO_PIC = NO;
				GCC_NO_COMMON_BLOCKS = YES;
				GCC_OPTIMIZATION_LEVEL = 0;
				GCC_PREPROCESSOR_DEFINITIONS = (
					"DEBUG=1",
					"$(inherited)",
				);
				GCC_WARN_64_TO_32_BIT_CONVERSION = YES;
				GCC_WARN_ABOUT_RETURN_TYPE = YES_ERROR;
				GCC_WARN_UNDECLARED_SELECTOR = YES;
				GCC_WARN_UNINITIALIZED_AUTOS = YES_AGGRESSIVE;
				GCC_WARN_UNUSED_FUNCTION = YES;
				GCC_WARN_UNUSED_VARIABLE = YES;
				IPHONEOS_DEPLOYMENT_TARGET = 18.1;
				LOCALIZATION_PREFERS_STRING_CATALOGS = YES;
				MTL_ENABLE_DEBUG_INFO = INCLUDE_SOURCE;
				MTL_FAST_MATH = YES;
				ONLY_ACTIVE_ARCH = YES;
				SDKROOT = iphoneos;
				SWIFT_ACTIVE_COMPILATION_CONDITIONS = "DEBUG $(inherited)";
				SWIFT_OPTIMIZATION_LEVEL = "-Onone";
			};
			name = Debug;
		};
		B9BD40B62CD15C66000C0885 /* Release */ = {
			isa = XCBuildConfiguration;
			buildSettings = {
				ALWAYS_SEARCH_USER_PATHS = NO;
				ASSETCATALOG_COMPILER_GENERATE_SWIFT_ASSET_SYMBOL_EXTENSIONS = YES;
				CLANG_ANALYZER_NONNULL = YES;
				CLANG_ANALYZER_NUMBER_OBJECT_CONVERSION = YES_AGGRESSIVE;
				CLANG_CXX_LANGUAGE_STANDARD = "gnu++20";
				CLANG_ENABLE_MODULES = YES;
				CLANG_ENABLE_OBJC_ARC = YES;
				CLANG_ENABLE_OBJC_WEAK = YES;
				CLANG_WARN_BLOCK_CAPTURE_AUTORELEASING = YES;
				CLANG_WARN_BOOL_CONVERSION = YES;
				CLANG_WARN_COMMA = YES;
				CLANG_WARN_CONSTANT_CONVERSION = YES;
				CLANG_WARN_DEPRECATED_OBJC_IMPLEMENTATIONS = YES;
				CLANG_WARN_DIRECT_OBJC_ISA_USAGE = YES_ERROR;
				CLANG_WARN_DOCUMENTATION_COMMENTS = YES;
				CLANG_WARN_EMPTY_BODY = YES;
				CLANG_WARN_ENUM_CONVERSION = YES;
				CLANG_WARN_INFINITE_RECURSION = YES;
				CLANG_WARN_INT_CONVERSION = YES;
				CLANG_WARN_NON_LITERAL_NULL_CONVERSION = YES;
				CLANG_WARN_OBJC_IMPLICIT_RETAIN_SELF = YES;
				CLANG_WARN_OBJC_LITERAL_CONVERSION = YES;
				CLANG_WARN_OBJC_ROOT_CLASS = YES_ERROR;
				CLANG_WARN_QUOTED_INCLUDE_IN_FRAMEWORK_HEADER = YES;
				CLANG_WARN_RANGE_LOOP_ANALYSIS = YES;
				CLANG_WARN_STRICT_PROTOTYPES = YES;
				CLANG_WARN_SUSPICIOUS_MOVE = YES;
				CLANG_WARN_UNGUARDED_AVAILABILITY = YES_AGGRESSIVE;
				CLANG_WARN_UNREACHABLE_CODE = YES;
				CLANG_WARN__DUPLICATE_METHOD_MATCH = YES;
				COPY_PHASE_STRIP = NO;
				DEBUG_INFORMATION_FORMAT = "dwarf-with-dsym";
				ENABLE_NS_ASSERTIONS = NO;
				ENABLE_STRICT_OBJC_MSGSEND = YES;
				ENABLE_USER_SCRIPT_SANDBOXING = YES;
				GCC_C_LANGUAGE_STANDARD = gnu17;
				GCC_NO_COMMON_BLOCKS = YES;
				GCC_WARN_64_TO_32_BIT_CONVERSION = YES;
				GCC_WARN_ABOUT_RETURN_TYPE = YES_ERROR;
				GCC_WARN_UNDECLARED_SELECTOR = YES;
				GCC_WARN_UNINITIALIZED_AUTOS = YES_AGGRESSIVE;
				GCC_WARN_UNUSED_FUNCTION = YES;
				GCC_WARN_UNUSED_VARIABLE = YES;
				IPHONEOS_DEPLOYMENT_TARGET = 18.1;
				LOCALIZATION_PREFERS_STRING_CATALOGS = YES;
				MTL_ENABLE_DEBUG_INFO = NO;
				MTL_FAST_MATH = YES;
				SDKROOT = iphoneos;
				SWIFT_COMPILATION_MODE = wholemodule;
				VALIDATE_PRODUCT = YES;
			};
			name = Release;
		};
		B9BD40B82CD15C66000C0885 /* Debug */ = {
			isa = XCBuildConfiguration;
			buildSettings = {
				ASSETCATALOG_COMPILER_APPICON_NAME = AppIcon;
				ASSETCATALOG_COMPILER_GLOBAL_ACCENT_COLOR_NAME = AccentColor;
				CODE_SIGN_ENTITLEMENTS = Smash/Smash.entitlements;
				CODE_SIGN_STYLE = Automatic;
				CURRENT_PROJECT_VERSION = 1;
				DEVELOPMENT_ASSET_PATHS = "\"Smash/Preview Content\"";
				DEVELOPMENT_TEAM = 379ZMR9CCF;
				ENABLE_PREVIEWS = YES;
				GENERATE_INFOPLIST_FILE = YES;
				INFOPLIST_FILE = Smash/Info.plist;
				INFOPLIST_KEY_LSApplicationCategoryType = "public.app-category.sports";
				INFOPLIST_KEY_NSCameraUsageDescription = "Allow us to record your badminton session for the best experience!";
				INFOPLIST_KEY_NSMicrophoneUsageDescription = "Allow us to use your microphone to record the special moments in your badminton match!";
				INFOPLIST_KEY_NSPhotoLibraryAddUsageDescription = "Let us add our stuff here";
				INFOPLIST_KEY_NSPhotoLibraryUsageDescription = "Let us take a look at previous highlights in your photos";
				INFOPLIST_KEY_UIApplicationSceneManifest_Generation = YES;
				INFOPLIST_KEY_UIApplicationSupportsIndirectInputEvents = YES;
				INFOPLIST_KEY_UILaunchScreen_Generation = YES;
				INFOPLIST_KEY_UISupportedInterfaceOrientations_iPad = "UIInterfaceOrientationPortrait UIInterfaceOrientationPortraitUpsideDown UIInterfaceOrientationLandscapeLeft UIInterfaceOrientationLandscapeRight";
				INFOPLIST_KEY_UISupportedInterfaceOrientations_iPhone = "UIInterfaceOrientationPortrait UIInterfaceOrientationLandscapeLeft UIInterfaceOrientationLandscapeRight";
				LD_RUNPATH_SEARCH_PATHS = (
					"$(inherited)",
					"@executable_path/Frameworks",
				);
				MARKETING_VERSION = 1.0;
				PRODUCT_BUNDLE_IDENTIFIER = abdullah.Smash;
				PRODUCT_NAME = "$(TARGET_NAME)";
				SWIFT_EMIT_LOC_STRINGS = YES;
				SWIFT_VERSION = 5.0;
				TARGETED_DEVICE_FAMILY = "1,2";
			};
			name = Debug;
		};
		B9BD40B92CD15C66000C0885 /* Release */ = {
			isa = XCBuildConfiguration;
			buildSettings = {
				ASSETCATALOG_COMPILER_APPICON_NAME = AppIcon;
				ASSETCATALOG_COMPILER_GLOBAL_ACCENT_COLOR_NAME = AccentColor;
				CODE_SIGN_ENTITLEMENTS = Smash/SmashRelease.entitlements;
				CODE_SIGN_STYLE = Automatic;
				CURRENT_PROJECT_VERSION = 1;
				DEVELOPMENT_ASSET_PATHS = "\"Smash/Preview Content\"";
				DEVELOPMENT_TEAM = 379ZMR9CCF;
				ENABLE_PREVIEWS = YES;
				GENERATE_INFOPLIST_FILE = YES;
				INFOPLIST_FILE = Smash/Info.plist;
				INFOPLIST_KEY_LSApplicationCategoryType = "public.app-category.sports";
				INFOPLIST_KEY_NSCameraUsageDescription = "Allow us to record your badminton session for the best experience!";
				INFOPLIST_KEY_NSMicrophoneUsageDescription = "Allow us to use your microphone to record the special moments in your badminton match!";
				INFOPLIST_KEY_NSPhotoLibraryAddUsageDescription = "Let us add our stuff here";
				INFOPLIST_KEY_NSPhotoLibraryUsageDescription = "Let us take a look at previous highlights in your photos";
				INFOPLIST_KEY_UIApplicationSceneManifest_Generation = YES;
				INFOPLIST_KEY_UIApplicationSupportsIndirectInputEvents = YES;
				INFOPLIST_KEY_UILaunchScreen_Generation = YES;
				INFOPLIST_KEY_UISupportedInterfaceOrientations_iPad = "UIInterfaceOrientationPortrait UIInterfaceOrientationPortraitUpsideDown UIInterfaceOrientationLandscapeLeft UIInterfaceOrientationLandscapeRight";
				INFOPLIST_KEY_UISupportedInterfaceOrientations_iPhone = "UIInterfaceOrientationPortrait UIInterfaceOrientationLandscapeLeft UIInterfaceOrientationLandscapeRight";
				LD_RUNPATH_SEARCH_PATHS = (
					"$(inherited)",
					"@executable_path/Frameworks",
				);
				MARKETING_VERSION = 1.0;
				PRODUCT_BUNDLE_IDENTIFIER = abdullah.Smash;
				PRODUCT_NAME = "$(TARGET_NAME)";
				SWIFT_EMIT_LOC_STRINGS = YES;
				SWIFT_VERSION = 5.0;
				TARGETED_DEVICE_FAMILY = "1,2";
			};
			name = Release;
		};
		B9BD40BB2CD15C66000C0885 /* Debug */ = {
			isa = XCBuildConfiguration;
			buildSettings = {
				BUNDLE_LOADER = "$(TEST_HOST)";
				CODE_SIGN_STYLE = Automatic;
				CURRENT_PROJECT_VERSION = 1;
				DEVELOPMENT_TEAM = 379ZMR9CCF;
				GENERATE_INFOPLIST_FILE = YES;
				IPHONEOS_DEPLOYMENT_TARGET = 18.1;
				MARKETING_VERSION = 1.0;
				PRODUCT_BUNDLE_IDENTIFIER = abdullah.SmashTests;
				PRODUCT_NAME = "$(TARGET_NAME)";
				SWIFT_EMIT_LOC_STRINGS = NO;
				SWIFT_VERSION = 5.0;
				TARGETED_DEVICE_FAMILY = "1,2";
				TEST_HOST = "$(BUILT_PRODUCTS_DIR)/Smash.app/$(BUNDLE_EXECUTABLE_FOLDER_PATH)/Smash";
			};
			name = Debug;
		};
		B9BD40BC2CD15C66000C0885 /* Release */ = {
			isa = XCBuildConfiguration;
			buildSettings = {
				BUNDLE_LOADER = "$(TEST_HOST)";
				CODE_SIGN_STYLE = Automatic;
				CURRENT_PROJECT_VERSION = 1;
				DEVELOPMENT_TEAM = 379ZMR9CCF;
				GENERATE_INFOPLIST_FILE = YES;
				IPHONEOS_DEPLOYMENT_TARGET = 18.1;
				MARKETING_VERSION = 1.0;
				PRODUCT_BUNDLE_IDENTIFIER = abdullah.SmashTests;
				PRODUCT_NAME = "$(TARGET_NAME)";
				SWIFT_EMIT_LOC_STRINGS = NO;
				SWIFT_VERSION = 5.0;
				TARGETED_DEVICE_FAMILY = "1,2";
				TEST_HOST = "$(BUILT_PRODUCTS_DIR)/Smash.app/$(BUNDLE_EXECUTABLE_FOLDER_PATH)/Smash";
			};
			name = Release;
		};
		B9BD40BE2CD15C66000C0885 /* Debug */ = {
			isa = XCBuildConfiguration;
			buildSettings = {
				CODE_SIGN_STYLE = Automatic;
				CURRENT_PROJECT_VERSION = 1;
				DEVELOPMENT_TEAM = 379ZMR9CCF;
				GENERATE_INFOPLIST_FILE = YES;
				MARKETING_VERSION = 1.0;
				PRODUCT_BUNDLE_IDENTIFIER = abdullah.SmashUITests;
				PRODUCT_NAME = "$(TARGET_NAME)";
				SWIFT_EMIT_LOC_STRINGS = NO;
				SWIFT_VERSION = 5.0;
				TARGETED_DEVICE_FAMILY = "1,2";
				TEST_TARGET_NAME = Smash;
			};
			name = Debug;
		};
		B9BD40BF2CD15C66000C0885 /* Release */ = {
			isa = XCBuildConfiguration;
			buildSettings = {
				CODE_SIGN_STYLE = Automatic;
				CURRENT_PROJECT_VERSION = 1;
				DEVELOPMENT_TEAM = 379ZMR9CCF;
				GENERATE_INFOPLIST_FILE = YES;
				MARKETING_VERSION = 1.0;
				PRODUCT_BUNDLE_IDENTIFIER = abdullah.SmashUITests;
				PRODUCT_NAME = "$(TARGET_NAME)";
				SWIFT_EMIT_LOC_STRINGS = NO;
				SWIFT_VERSION = 5.0;
				TARGETED_DEVICE_FAMILY = "1,2";
				TEST_TARGET_NAME = Smash;
			};
			name = Release;
		};
/* End XCBuildConfiguration section */

/* Begin XCConfigurationList section */
		B91576AC2CDF00FE005F712C /* Build configuration list for PBXNativeTarget "SmashWatchOS Watch App" */ = {
			isa = XCConfigurationList;
			buildConfigurations = (
				B91576AD2CDF00FE005F712C /* Debug */,
				B91576AE2CDF00FE005F712C /* Release */,
			);
			defaultConfigurationIsVisible = 0;
			defaultConfigurationName = Release;
		};
		B91576B02CDF00FE005F712C /* Build configuration list for PBXNativeTarget "SmashWatchOS Watch AppTests" */ = {
			isa = XCConfigurationList;
			buildConfigurations = (
				B91576B12CDF00FE005F712C /* Debug */,
				B91576B22CDF00FE005F712C /* Release */,
			);
			defaultConfigurationIsVisible = 0;
			defaultConfigurationName = Release;
		};
		B91576B32CDF00FE005F712C /* Build configuration list for PBXNativeTarget "SmashWatchOS Watch AppUITests" */ = {
			isa = XCConfigurationList;
			buildConfigurations = (
				B91576B42CDF00FE005F712C /* Debug */,
				B91576B52CDF00FE005F712C /* Release */,
			);
			defaultConfigurationIsVisible = 0;
			defaultConfigurationName = Release;
		};
		B9BD408E2CD15C64000C0885 /* Build configuration list for PBXProject "Smash" */ = {
			isa = XCConfigurationList;
			buildConfigurations = (
				B9BD40B52CD15C66000C0885 /* Debug */,
				B9BD40B62CD15C66000C0885 /* Release */,
			);
			defaultConfigurationIsVisible = 0;
			defaultConfigurationName = Release;
		};
		B9BD40B72CD15C66000C0885 /* Build configuration list for PBXNativeTarget "Smash" */ = {
			isa = XCConfigurationList;
			buildConfigurations = (
				B9BD40B82CD15C66000C0885 /* Debug */,
				B9BD40B92CD15C66000C0885 /* Release */,
			);
			defaultConfigurationIsVisible = 0;
			defaultConfigurationName = Release;
		};
		B9BD40BA2CD15C66000C0885 /* Build configuration list for PBXNativeTarget "SmashTests" */ = {
			isa = XCConfigurationList;
			buildConfigurations = (
				B9BD40BB2CD15C66000C0885 /* Debug */,
				B9BD40BC2CD15C66000C0885 /* Release */,
			);
			defaultConfigurationIsVisible = 0;
			defaultConfigurationName = Release;
		};
		B9BD40BD2CD15C66000C0885 /* Build configuration list for PBXNativeTarget "SmashUITests" */ = {
			isa = XCConfigurationList;
			buildConfigurations = (
				B9BD40BE2CD15C66000C0885 /* Debug */,
				B9BD40BF2CD15C66000C0885 /* Release */,
			);
			defaultConfigurationIsVisible = 0;
			defaultConfigurationName = Release;
		};
/* End XCConfigurationList section */

/* Begin XCRemoteSwiftPackageReference section */
		B91576212CDADE56005F712C /* XCRemoteSwiftPackageReference "Aespa" */ = {
			isa = XCRemoteSwiftPackageReference;
			repositoryURL = "https://github.com/enebin/Aespa.git";
			requirement = {
				kind = upToNextMajorVersion;
				minimumVersion = 0.5.3;
			};
		};
		B92769652D1262F300AD462B /* XCRemoteSwiftPackageReference "aws-sdk-ios-spm" */ = {
			isa = XCRemoteSwiftPackageReference;
			repositoryURL = "https://github.com/aws-amplify/aws-sdk-ios-spm";
			requirement = {
				kind = upToNextMajorVersion;
				minimumVersion = 2.38.0;
			};
		};
		B9A2C7692CD42F07004378EF /* XCRemoteSwiftPackageReference "AnimateText" */ = {
			isa = XCRemoteSwiftPackageReference;
			repositoryURL = "https://github.com/jasudev/AnimateText.git";
			requirement = {
				kind = upToNextMajorVersion;
				minimumVersion = 0.5.0;
			};
		};
/* End XCRemoteSwiftPackageReference section */

/* Begin XCSwiftPackageProductDependency section */
		B90DF1132CE1D7F700E2B587 /* AnimateText */ = {
			isa = XCSwiftPackageProductDependency;
			package = B9A2C7692CD42F07004378EF /* XCRemoteSwiftPackageReference "AnimateText" */;
			productName = AnimateText;
		};
		B91576222CDADEE0005F712C /* Aespa */ = {
			isa = XCSwiftPackageProductDependency;
			package = B91576212CDADE56005F712C /* XCRemoteSwiftPackageReference "Aespa" */;
			productName = Aespa;
		};
		B92769662D1262F300AD462B /* AWSCore */ = {
			isa = XCSwiftPackageProductDependency;
			package = B92769652D1262F300AD462B /* XCRemoteSwiftPackageReference "aws-sdk-ios-spm" */;
			productName = AWSCore;
		};
		B92769682D1262F300AD462B /* AWSS3 */ = {
			isa = XCSwiftPackageProductDependency;
			package = B92769652D1262F300AD462B /* XCRemoteSwiftPackageReference "aws-sdk-ios-spm" */;
			productName = AWSS3;
		};
		B9A2C7802CD4333D004378EF /* AnimateText */ = {
			isa = XCSwiftPackageProductDependency;
			package = B9A2C7692CD42F07004378EF /* XCRemoteSwiftPackageReference "AnimateText" */;
			productName = AnimateText;
		};
/* End XCSwiftPackageProductDependency section */
	};
	rootObject = B9BD408B2CD15C64000C0885 /* Project object */;
}
