{
<<<<<<< HEAD
  "originHash" : "793c4cf7b6fa23b538cf96bcba3483b2a6755e15abe1e84e0f3f7409fe5993db",
=======
  "originHash" : "a754b55556ad950db77991165329279b6296e2d3d7797c294f8dfad5497d1b08",
>>>>>>> refactor/convert-to-mvvm
  "pins" : [
    {
      "identity" : "aespa",
      "kind" : "remoteSourceControl",
      "location" : "https://github.com/enebin/Aespa.git",
      "state" : {
        "revision" : "66a9face7d4ab96f184650b0e006bcd8bce8f4c2",
        "version" : "0.5.3"
      }
    },
    {
      "identity" : "animatetext",
      "kind" : "remoteSourceControl",
      "location" : "https://github.com/jasudev/AnimateText.git",
      "state" : {
        "revision" : "c55847e03bb3f36cf83cc217fe60ec5feda9ddd6",
        "version" : "0.5.0"
      }
    }
  ],
  "version" : 3
}
